
Microsoft Visual Studio Solution File, Format Version 12.00
# Visual Studio Version 17
VisualStudioVersion = 17.4.33110.190
MinimumVisualStudioVersion = 10.0.40219.1
Project("{FAE04EC0-301F-11D3-BF4B-00C04F79EFBC}") = "BhrateApp", "BhrateApp.csproj", "{082122CE-B8AD-49A1-BC6E-490FCA5ECD70}"
EndProject
Global
	GlobalSection(SolutionConfigurationPlatforms) = preSolution
		Debug|Any CPU = Debug|Any CPU
		Release|Any CPU = Release|Any CPU
	EndGlobalSection
	GlobalSection(ProjectConfigurationPlatforms) = postSolution
		{082122CE-B8AD-49A1-BC6E-490FCA5ECD70}.Debug|Any CPU.ActiveCfg = Debug|Any CPU
		{082122CE-B8AD-49A1-BC6E-490FCA5ECD70}.Debug|Any CPU.Build.0 = Debug|Any CPU
		{082122CE-B8AD-49A1-BC6E-490FCA5ECD70}.Release|Any CPU.ActiveCfg = Release|Any CPU
		{082122CE-B8AD-49A1-BC6E-490FCA5ECD70}.Release|Any CPU.Build.0 = Release|Any CPU
	EndGlobalSection
	GlobalSection(SolutionProperties) = preSolution
		HideSolutionNode = FALSE
	EndGlobalSection
	GlobalSection(ExtensibilityGlobals) = postSolution
		SolutionGuid = {77B85564-0A52-42BD-AE6C-09D820CC4E6D}
	EndGlobalSection
EndGlobal
